Microsoft Visual Studio Solution File, Format Version 12.00
# Visual Studio Version 17
VisualStudioVersion = 17.5.2.0
MinimumVisualStudioVersion = 10.0.40219.1
Project("{2150E333-8FDC-42A3-9474-1A3956D46DE8}") = "src", "src", "{827E0CD3-B72D-47B6-A68D-7590B98EB39B}"
EndProject
Project("{FAE04EC0-301F-11D3-BF4B-00C04F79EFBC}") = "CodexAgent", "src\CodexAgent\CodexAgent.csproj", "{1B999E8E-D0B4-3B9E-03CA-5BF8DF559B2A}"
EndProject
Global
	GlobalSection(SolutionConfigurationPlatforms) = preSolution
		Debug|Any CPU = Debug|Any CPU
		Release|Any CPU = Release|Any CPU
	EndGlobalSection
	GlobalSection(ProjectConfigurationPlatforms) = postSolution
		{1B999E8E-D0B4-3B9E-03CA-5BF8DF559B2A}.Debug|Any CPU.ActiveCfg = Debug|Any CPU
		{1B999E8E-D0B4-3B9E-03CA-5BF8DF559B2A}.Debug|Any CPU.Build.0 = Debug|Any CPU
		{1B999E8E-D0B4-3B9E-03CA-5BF8DF559B2A}.Release|Any CPU.ActiveCfg = Release|Any CPU
		{1B999E8E-D0B4-3B9E-03CA-5BF8DF559B2A}.Release|Any CPU.Build.0 = Release|Any CPU
	EndGlobalSection
	GlobalSection(SolutionProperties) = preSolution
		HideSolutionNode = FALSE
	EndGlobalSection
	GlobalSection(NestedProjects) = preSolution
		{1B999E8E-D0B4-3B9E-03CA-5BF8DF559B2A} = {827E0CD3-B72D-47B6-A68D-7590B98EB39B}
	EndGlobalSection
	GlobalSection(ExtensibilityGlobals) = postSolution
		SolutionGuid = {EF738C60-C1E5-4EEE-95B3-6C8DDC8C173D}
	EndGlobalSection
EndGlobal
